
Microsoft Visual Studio Solution File, Format Version 12.00
# Visual Studio Version 17
VisualStudioVersion = 17.8.34309.116
MinimumVisualStudioVersion = 10.0.40219.1
Project("{FAE04EC0-301F-11D3-BF4B-00C04F79EFBC}") = "MarketApp_lsn", "MarketApp_lsn\MarketApp_lsn.csproj", "{3FCE613F-8CE3-4D93-B78E-E5A5F9788E61}"
EndProject
Global
	GlobalSection(SolutionConfigurationPlatforms) = preSolution
		Debug|Any CPU = Debug|Any CPU
		Release|Any CPU = Release|Any CPU
	EndGlobalSection
	GlobalSection(ProjectConfigurationPlatforms) = postSolution
		{3FCE613F-8CE3-4D93-B78E-E5A5F9788E61}.Debug|Any CPU.ActiveCfg = Debug|Any CPU
		{3FCE613F-8CE3-4D93-B78E-E5A5F9788E61}.Debug|Any CPU.Build.0 = Debug|Any CPU
		{3FCE613F-8CE3-4D93-B78E-E5A5F9788E61}.Release|Any CPU.ActiveCfg = Release|Any CPU
		{3FCE613F-8CE3-4D93-B78E-E5A5F9788E61}.Release|Any CPU.Build.0 = Release|Any CPU
	EndGlobalSection
	GlobalSection(SolutionProperties) = preSolution
		HideSolutionNode = FALSE
	EndGlobalSection
	GlobalSection(ExtensibilityGlobals) = postSolution
		SolutionGuid = {A17EE175-EA6D-48F7-97D0-3D3A8010EEA2}
	EndGlobalSection
EndGlobal
